
Microsoft Visual Studio Solution File, Format Version 11.00
# Visual Studio 2010
Project("{FAE04EC0-301F-11D3-BF4B-00C04F79EFBC}") = "TinyTemplates", "TinyTemplates.csproj", "{E23429FB-B18B-4F78-B928-7B88A6455F67}"
EndProject
Project("{FAE04EC0-301F-11D3-BF4B-00C04F79EFBC}") = "TinyTemplates.Tests", "..\TinyTemplates.Tests\TinyTemplates.Tests.csproj", "{A158A65D-7341-4E9A-93B4-0CB470DD4594}"
EndProject
Global
	GlobalSection(SolutionConfigurationPlatforms) = preSolution
		Debug|Any CPU = Debug|Any CPU
		Release|Any CPU = Release|Any CPU
	EndGlobalSection
	GlobalSection(ProjectConfigurationPlatforms) = postSolution
		{E23429FB-B18B-4F78-B928-7B88A6455F67}.Debug|Any CPU.ActiveCfg = Debug|Any CPU
		{E23429FB-B18B-4F78-B928-7B88A6455F67}.Debug|Any CPU.Build.0 = Debug|Any CPU
		{E23429FB-B18B-4F78-B928-7B88A6455F67}.Release|Any CPU.ActiveCfg = Release|Any CPU
		{E23429FB-B18B-4F78-B928-7B88A6455F67}.Release|Any CPU.Build.0 = Release|Any CPU
		{A158A65D-7341-4E9A-93B4-0CB470DD4594}.Debug|Any CPU.ActiveCfg = Debug|Any CPU
		{A158A65D-7341-4E9A-93B4-0CB470DD4594}.Debug|Any CPU.Build.0 = Debug|Any CPU
		{A158A65D-7341-4E9A-93B4-0CB470DD4594}.Release|Any CPU.ActiveCfg = Release|Any CPU
		{A158A65D-7341-4E9A-93B4-0CB470DD4594}.Release|Any CPU.Build.0 = Release|Any CPU
	EndGlobalSection
	GlobalSection(SolutionProperties) = preSolution
		HideSolutionNode = FALSE
	EndGlobalSection
EndGlobal
